
Microsoft Visual Studio Solution File, Format Version 12.00
# Visual Studio Version 17
VisualStudioVersion = 17.10.34928.147
MinimumVisualStudioVersion = 10.0.40219.1
Project("{9A19103F-16F7-4668-BE54-9A1E7A4F7556}") = "Lab5IdentityAPI", "Lab5IdentityAPI.csproj", "{02ABCE96-660A-42F8-B320-66A6A9049B41}"
EndProject
Global
	GlobalSection(SolutionConfigurationPlatforms) = preSolution
		Debug|Any CPU = Debug|Any CPU
		Release|Any CPU = Release|Any CPU
	EndGlobalSection
	GlobalSection(ProjectConfigurationPlatforms) = postSolution
		{02ABCE96-660A-42F8-B320-66A6A9049B41}.Debug|Any CPU.ActiveCfg = Debug|Any CPU
		{02ABCE96-660A-42F8-B320-66A6A9049B41}.Debug|Any CPU.Build.0 = Debug|Any CPU
		{02ABCE96-660A-42F8-B320-66A6A9049B41}.Release|Any CPU.ActiveCfg = Release|Any CPU
		{02ABCE96-660A-42F8-B320-66A6A9049B41}.Release|Any CPU.Build.0 = Release|Any CPU
	EndGlobalSection
	GlobalSection(SolutionProperties) = preSolution
		HideSolutionNode = FALSE
	EndGlobalSection
	GlobalSection(ExtensibilityGlobals) = postSolution
		SolutionGuid = {6DF631F4-6109-48B9-9B4D-2EBFB8FC6D65}
	EndGlobalSection
EndGlobal
